// !$*UTF8*$!
{
	archiveVersion = 1;
	classes = {
	};
	objectVersion = 46;
	objects = {

/* Begin PBXBuildFile section */
		3FF8864219C2C842002FD453 /* AppDelegate.swift in Sources */ = {isa = PBXBuildFile; fileRef = 3FF8864119C2C842002FD453 /* AppDelegate.swift */; };
		3FF8864419C2C842002FD453 /* ViewController.swift in Sources */ = {isa = PBXBuildFile; fileRef = 3FF8864319C2C842002FD453 /* ViewController.swift */; };
		3FF8864719C2C842002FD453 /* Main.storyboard in Resources */ = {isa = PBXBuildFile; fileRef = 3FF8864519C2C842002FD453 /* Main.storyboard */; };
		3FF8864919C2C842002FD453 /* Images.xcassets in Resources */ = {isa = PBXBuildFile; fileRef = 3FF8864819C2C842002FD453 /* Images.xcassets */; };
		3FF8865519C2C842002FD453 /* TipCalculatorTests.swift in Sources */ = {isa = PBXBuildFile; fileRef = 3FF8865419C2C842002FD453 /* TipCalculatorTests.swift */; };
		3FF8865F19C2C966002FD453 /* File.swift in Sources */ = {isa = PBXBuildFile; fileRef = 3FF8865E19C2C966002FD453 /* File.swift */; };
		3FF8866E19C2DF8B002FD453 /* TipCalculator.swift in Sources */ = {isa = PBXBuildFile; fileRef = 3FF8866D19C2DF8B002FD453 /* TipCalculator.swift */; };
/* End PBXBuildFile section */

/* Begin PBXContainerItemProxy section */
		3FF8864F19C2C842002FD453 /* PBXContainerItemProxy */ = {
			isa = PBXContainerItemProxy;
			containerPortal = 3FF8863419C2C842002FD453 /* Project object */;
			proxyType = 1;
			remoteGlobalIDString = 3FF8863B19C2C842002FD453;
			remoteInfo = TipCalculator;
		};
/* End PBXContainerItemProxy section */

/* Begin PBXFileReference section */
		3FF8863C19C2C842002FD453 /* TipCalculator.app */ = {isa = PBXFileReference; explicitFileType = wrapper.application; includeInIndex = 0; path = TipCalculator.app; sourceTree = BUILT_PRODUCTS_DIR; };
		3FF8864019C2C842002FD453 /* Info.plist */ = {isa = PBXFileReference; lastKnownFileType = text.plist.xml; path = Info.plist; sourceTree = "<group>"; };
		3FF8864119C2C842002FD453 /* AppDelegate.swift */ = {isa = PBXFileReference; lastKnownFileType = sourcecode.swift; path = AppDelegate.swift; sourceTree = "<group>"; };
		3FF8864319C2C842002FD453 /* ViewController.swift */ = {isa = PBXFileReference; lastKnownFileType = sourcecode.swift; path = ViewController.swift; sourceTree = "<group>"; };
		3FF8864619C2C842002FD453 /* Base */ = {isa = PBXFileReference; lastKnownFileType = file.storyboard; name = Base; path = Base.lproj/Main.storyboard; sourceTree = "<group>"; };
		3FF8864819C2C842002FD453 /* Images.xcassets */ = {isa = PBXFileReference; lastKnownFileType = folder.assetcatalog; path = Images.xcassets; sourceTree = "<group>"; };
		3FF8864E19C2C842002FD453 /* TipCalculatorTests.xctest */ = {isa = PBXFileReference; explicitFileType = wrapper.cfbundle; includeInIndex = 0; path = TipCalculatorTests.xctest; sourceTree = BUILT_PRODUCTS_DIR; };
		3FF8865319C2C842002FD453 /* Info.plist */ = {isa = PBXFileReference; lastKnownFileType = text.plist.xml; path = Info.plist; sourceTree = "<group>"; };
		3FF8865419C2C842002FD453 /* TipCalculatorTests.swift */ = {isa = PBXFileReference; lastKnownFileType = sourcecode.swift; path = TipCalculatorTests.swift; sourceTree = "<group>"; };
		3FF8865E19C2C966002FD453 /* File.swift */ = {isa = PBXFileReference; fileEncoding = 4; lastKnownFileType = sourcecode.swift; path = File.swift; sourceTree = "<group>"; };
		3FF8866D19C2DF8B002FD453 /* TipCalculator.swift */ = {isa = PBXFileReference; fileEncoding = 4; lastKnownFileType = sourcecode.swift; path = TipCalculator.swift; sourceTree = "<group>"; };
/* End PBXFileReference section */

/* Begin PBXFrameworksBuildPhase section */
		3FF8863919C2C842002FD453 /* Frameworks */ = {
			isa = PBXFrameworksBuildPhase;
			buildActionMask = 2147483647;
			files = (
			);
			runOnlyForDeploymentPostprocessing = 0;
		};
		3FF8864B19C2C842002FD453 /* Frameworks */ = {
			isa = PBXFrameworksBuildPhase;
			buildActionMask = 2147483647;
			files = (
			);
			runOnlyForDeploymentPostprocessing = 0;
		};
/* End PBXFrameworksBuildPhase section */

/* Begin PBXGroup section */
		3FF8863319C2C842002FD453 = {
			isa = PBXGroup;
			children = (
				3FF8865E19C2C966002FD453 /* File.swift */,
				3FF8863E19C2C842002FD453 /* TipCalculator */,
				3FF8865119C2C842002FD453 /* TipCalculatorTests */,
				3FF8863D19C2C842002FD453 /* Products */,
			);
			sourceTree = "<group>";
		};
		3FF8863D19C2C842002FD453 /* Products */ = {
			isa = PBXGroup;
			children = (
				3FF8863C19C2C842002FD453 /* TipCalculator.app */,
				3FF8864E19C2C842002FD453 /* TipCalculatorTests.xctest */,
			);
			name = Products;
			sourceTree = "<group>";
		};
		3FF8863E19C2C842002FD453 /* TipCalculator */ = {
			isa = PBXGroup;
			children = (
				3FF8864119C2C842002FD453 /* AppDelegate.swift */,
				3FF8864319C2C842002FD453 /* ViewController.swift */,
				3FF8864519C2C842002FD453 /* Main.storyboard */,
				3FF8864819C2C842002FD453 /* Images.xcassets */,
				3FF8863F19C2C842002FD453 /* Supporting Files */,
			);
			path = TipCalculator;
			sourceTree = "<group>";
		};
		3FF8863F19C2C842002FD453 /* Supporting Files */ = {
			isa = PBXGroup;
			children = (
				3FF8864019C2C842002FD453 /* Info.plist */,
				3FF8866D19C2DF8B002FD453 /* TipCalculator.swift */,
			);
			name = "Supporting Files";
			sourceTree = "<group>";
		};
		3FF8865119C2C842002FD453 /* TipCalculatorTests */ = {
			isa = PBXGroup;
			children = (
				3FF8865419C2C842002FD453 /* TipCalculatorTests.swift */,
				3FF8865219C2C842002FD453 /* Supporting Files */,
			);
			path = TipCalculatorTests;
			sourceTree = "<group>";
		};
		3FF8865219C2C842002FD453 /* Supporting Files */ = {
			isa = PBXGroup;
			children = (
				3FF8865319C2C842002FD453 /* Info.plist */,
			);
			name = "Supporting Files";
			sourceTree = "<group>";
		};
/* End PBXGroup section */

/* Begin PBXNativeTarget section */
		3FF8863B19C2C842002FD453 /* TipCalculator */ = {
			isa = PBXNativeTarget;
			buildConfigurationList = 3FF8865819C2C842002FD453 /* Build configuration list for PBXNativeTarget "TipCalculator" */;
			buildPhases = (
				3FF8863819C2C842002FD453 /* Sources */,
				3FF8863919C2C842002FD453 /* Frameworks */,
				3FF8863A19C2C842002FD453 /* Resources */,
			);
			buildRules = (
			);
			dependencies = (
			);
			name = TipCalculator;
			productName = TipCalculator;
			productReference = 3FF8863C19C2C842002FD453 /* TipCalculator.app */;
			productType = "com.apple.product-type.application";
		};
		3FF8864D19C2C842002FD453 /* TipCalculatorTests */ = {
			isa = PBXNativeTarget;
			buildConfigurationList = 3FF8865B19C2C842002FD453 /* Build configuration list for PBXNativeTarget "TipCalculatorTests" */;
			buildPhases = (
				3FF8864A19C2C842002FD453 /* Sources */,
				3FF8864B19C2C842002FD453 /* Frameworks */,
				3FF8864C19C2C842002FD453 /* Resources */,
			);
			buildRules = (
			);
			dependencies = (
				3FF8865019C2C842002FD453 /* PBXTargetDependency */,
			);
			name = TipCalculatorTests;
			productName = TipCalculatorTests;
			productReference = 3FF8864E19C2C842002FD453 /* TipCalculatorTests.xctest */;
			productType = "com.apple.product-type.bundle.unit-test";
		};
/* End PBXNativeTarget section */

/* Begin PBXProject section */
		3FF8863419C2C842002FD453 /* Project object */ = {
			isa = PBXProject;
			attributes = {
				LastUpgradeCheck = 0600;
				ORGANIZATIONNAME = Student;
				TargetAttributes = {
					3FF8863B19C2C842002FD453 = {
						CreatedOnToolsVersion = 6.0;
					};
					3FF8864D19C2C842002FD453 = {
						CreatedOnToolsVersion = 6.0;
						TestTargetID = 3FF8863B19C2C842002FD453;
					};
				};
			};
			buildConfigurationList = 3FF8863719C2C842002FD453 /* Build configuration list for PBXProject "TipCalculator" */;
			compatibilityVersion = "Xcode 3.2";
			developmentRegion = English;
			hasScannedForEncodings = 0;
			knownRegions = (
				en,
				Base,
			);
			mainGroup = 3FF8863319C2C842002FD453;
			productRefGroup = 3FF8863D19C2C842002FD453 /* Products */;
			projectDirPath = "";
			projectRoot = "";
			targets = (
				3FF8863B19C2C842002FD453 /* TipCalculator */,
				3FF8864D19C2C842002FD453 /* TipCalculatorTests */,
			);
		};
/* End PBXProject section */

/* Begin PBXResourcesBuildPhase section */
		3FF8863A19C2C842002FD453 /* Resources */ = {
			isa = PBXResourcesBuildPhase;
			buildActionMask = 2147483647;
			files = (
				3FF8864719C2C842002FD453 /* Main.storyboard in Resources */,
				3FF8864919C2C842002FD453 /* Images.xcassets in Resources */,
			);
			runOnlyForDeploymentPostprocessing = 0;
		};
		3FF8864C19C2C842002FD453 /* Resources */ = {
			isa = PBXResourcesBuildPhase;
			buildActionMask = 2147483647;
			files = (
			);
			runOnlyForDeploymentPostprocessing = 0;
		};
/* End PBXResourcesBuildPhase section */

/* Begin PBXSourcesBuildPhase section */
		3FF8863819C2C842002FD453 /* Sources */ = {
			isa = PBXSourcesBuildPhase;
			buildActionMask = 2147483647;
			files = (
				3FF8864419C2C842002FD453 /* ViewController.swift in Sources */,
				3FF8865F19C2C966002FD453 /* File.swift in Sources */,
				3FF8864219C2C842002FD453 /* AppDelegate.swift in Sources */,
				3FF8866E19C2DF8B002FD453 /* TipCalculator.swift in Sources */,
			);
			runOnlyForDeploymentPostprocessing = 0;
		};
		3FF8864A19C2C842002FD453 /* Sources */ = {
			isa = PBXSourcesBuildPhase;
			buildActionMask = 2147483647;
			files = (
				3FF8865519C2C842002FD453 /* TipCalculatorTests.swift in Sources */,
			);
			runOnlyForDeploymentPostprocessing = 0;
		};
/* End PBXSourcesBuildPhase section */

/* Begin PBXTargetDependency section */
		3FF8865019C2C842002FD453 /* PBXTargetDependency */ = {
			isa = PBXTargetDependency;
			target = 3FF8863B19C2C842002FD453 /* TipCalculator */;
			targetProxy = 3FF8864F19C2C842002FD453 /* PBXContainerItemProxy */;
		};
/* End PBXTargetDependency section */

/* Begin PBXVariantGroup section */
		3FF8864519C2C842002FD453 /* Main.storyboard */ = {
			isa = PBXVariantGroup;
			children = (
				3FF8864619C2C842002FD453 /* Base */,
			);
			name = Main.storyboard;
			sourceTree = "<group>";
		};
/* End PBXVariantGroup section */

/* Begin XCBuildConfiguration section */
		3FF8865619C2C842002FD453 /* Debug */ = {
			isa = XCBuildConfiguration;
			buildSettings = {
				ALWAYS_SEARCH_USER_PATHS = NO;
				CLANG_CXX_LANGUAGE_STANDARD = "gnu++0x";
				CLANG_CXX_LIBRARY = "libc++";
				CLANG_ENABLE_MODULES = YES;
				CLANG_ENABLE_OBJC_ARC = YES;
				CLANG_WARN_BOOL_CONVERSION = YES;
				CLANG_WARN_CONSTANT_CONVERSION = YES;
				CLANG_WARN_DIRECT_OBJC_ISA_USAGE = YES_ERROR;
				CLANG_WARN_EMPTY_BODY = YES;
				CLANG_WARN_ENUM_CONVERSION = YES;
				CLANG_WARN_INT_CONVERSION = YES;
				CLANG_WARN_OBJC_ROOT_CLASS = YES_ERROR;
				CLANG_WARN_UNREACHABLE_CODE = YES;
				CLANG_WARN__DUPLICATE_METHOD_MATCH = YES;
				"CODE_SIGN_IDENTITY[sdk=iphoneos*]" = "iPhone Developer";
				COPY_PHASE_STRIP = NO;
				ENABLE_STRICT_OBJC_MSGSEND = YES;
				GCC_C_LANGUAGE_STANDARD = gnu99;
				GCC_DYNAMIC_NO_PIC = NO;
				GCC_OPTIMIZATION_LEVEL = 0;
				GCC_PREPROCESSOR_DEFINITIONS = (
					"DEBUG=1",
					"$(inherited)",
				);
				GCC_SYMBOLS_PRIVATE_EXTERN = NO;
				GCC_WARN_64_TO_32_BIT_CONVERSION = YES;
				GCC_WARN_ABOUT_RETURN_TYPE = YES_ERROR;
				GCC_WARN_UNDECLARED_SELECTOR = YES;
				GCC_WARN_UNINITIALIZED_AUTOS = YES_AGGRESSIVE;
				GCC_WARN_UNUSED_FUNCTION = YES;
				GCC_WARN_UNUSED_VARIABLE = YES;
				IPHONEOS_DEPLOYMENT_TARGET = 8.0;
				MTL_ENABLE_DEBUG_INFO = YES;
				ONLY_ACTIVE_ARCH = YES;
				SDKROOT = iphoneos;
				SWIFT_OPTIMIZATION_LEVEL = "-Onone";
			};
			name = Debug;
		};
		3FF8865719C2C842002FD453 /* Release */ = {
			isa = XCBuildConfiguration;
			buildSettings = {
				ALWAYS_SEARCH_USER_PATHS = NO;
				CLANG_CXX_LANGUAGE_STANDARD = "gnu++0x";
				CLANG_CXX_LIBRARY = "libc++";
				CLANG_ENABLE_MODULES = YES;
				CLANG_ENABLE_OBJC_ARC = YES;
				CLANG_WARN_BOOL_CONVERSION = YES;
				CLANG_WARN_CONSTANT_CONVERSION = YES;
				CLANG_WARN_DIRECT_OBJC_ISA_USAGE = YES_ERROR;
				CLANG_WARN_EMPTY_BODY = YES;
				CLANG_WARN_ENUM_CONVERSION = YES;
				CLANG_WARN_INT_CONVERSION = YES;
				CLANG_WARN_OBJC_ROOT_CLASS = YES_ERROR;
				CLANG_WARN_UNREACHABLE_CODE = YES;
				CLANG_WARN__DUPLICATE_METHOD_MATCH = YES;
				"CODE_SIGN_IDENTITY[sdk=iphoneos*]" = "iPhone Developer";
				COPY_PHASE_STRIP = YES;
				ENABLE_NS_ASSERTIONS = NO;
				ENABLE_STRICT_OBJC_MSGSEND = YES;
				GCC_C_LANGUAGE_STANDARD = gnu99;
				GCC_WARN_64_TO_32_BIT_CONVERSION = YES;
				GCC_WARN_ABOUT_RETURN_TYPE = YES_ERROR;
				GCC_WARN_UNDECLARED_SELECTOR = YES;
				GCC_WARN_UNINITIALIZED_AUTOS = YES_AGGRESSIVE;
				GCC_WARN_UNUSED_FUNCTION = YES;
				GCC_WARN_UNUSED_VARIABLE = YES;
				IPHONEOS_DEPLOYMENT_TARGET = 8.0;
				MTL_ENABLE_DEBUG_INFO = NO;
				SDKROOT = iphoneos;
				VALIDATE_PRODUCT = YES;
			};
			name = Release;
		};
		3FF8865919C2C842002FD453 /* Debug */ = {
			isa = XCBuildConfiguration;
			buildSettings = {
				ASSETCATALOG_COMPILER_APPICON_NAME = AppIcon;
				ASSETCATALOG_COMPILER_LAUNCHIMAGE_NAME = LaunchImage;
				INFOPLIST_FILE = TipCalculator/Info.plist;
				LD_RUNPATH_SEARCH_PATHS = "$(inherited) @executable_path/Frameworks";
				PRODUCT_NAME = "$(TARGET_NAME)";
			};
			name = Debug;
		};
		3FF8865A19C2C842002FD453 /* Release */ = {
			isa = XCBuildConfiguration;
			buildSettings = {
				ASSETCATALOG_COMPILER_APPICON_NAME = AppIcon;
				ASSETCATALOG_COMPILER_LAUNCHIMAGE_NAME = LaunchImage;
				INFOPLIST_FILE = TipCalculator/Info.plist;
				LD_RUNPATH_SEARCH_PATHS = "$(inherited) @executable_path/Frameworks";
				PRODUCT_NAME = "$(TARGET_NAME)";
			};
			name = Release;
		};
		3FF8865C19C2C842002FD453 /* Debug */ = {
			isa = XCBuildConfiguration;
			buildSettings = {
				BUNDLE_LOADER = "$(BUILT_PRODUCTS_DIR)/TipCalculator.app/TipCalculator";
				FRAMEWORK_SEARCH_PATHS = (
					"$(SDKROOT)/Developer/Library/Frameworks",
					"$(inherited)",
				);
				GCC_PREPROCESSOR_DEFINITIONS = (
					"DEBUG=1",
					"$(inherited)",
				);
				INFOPLIST_FILE = TipCalculatorTests/Info.plist;
				LD_RUNPATH_SEARCH_PATHS = "$(inherited) @executable_path/Frameworks @loader_path/Frameworks";
				PRODUCT_NAME = "$(TARGET_NAME)";
				TEST_HOST = "$(BUNDLE_LOADER)";
			};
			name = Debug;
		};
		3FF8865D19C2C842002FD453 /* Release */ = {
			isa = XCBuildConfiguration;
			buildSettings = {
				BUNDLE_LOADER = "$(BUILT_PRODUCTS_DIR)/TipCalculator.app/TipCalculator";
				FRAMEWORK_SEARCH_PATHS = (
					"$(SDKROOT)/Developer/Library/Frameworks",
					"$(inherited)",
				);
				INFOPLIST_FILE = TipCalculatorTests/Info.plist;
				LD_RUNPATH_SEARCH_PATHS = "$(inherited) @executable_path/Frameworks @loader_path/Frameworks";
				PRODUCT_NAME = "$(TARGET_NAME)";
				TEST_HOST = "$(BUNDLE_LOADER)";
			};
			name = Release;
		};
/* End XCBuildConfiguration section */

/* Begin XCConfigurationList section */
		3FF8863719C2C842002FD453 /* Build configuration list for PBXProject "TipCalculator" */ = {
			isa = XCConfigurationList;
			buildConfigurations = (
				3FF8865619C2C842002FD453 /* Debug */,
				3FF8865719C2C842002FD453 /* Release */,
			);
			defaultConfigurationIsVisible = 0;
			defaultConfigurationName = Release;
		};
		3FF8865819C2C842002FD453 /* Build configuration list for PBXNativeTarget "TipCalculator" */ = {
			isa = XCConfigurationList;
			buildConfigurations = (
				3FF8865919C2C842002FD453 /* Debug */,
				3FF8865A19C2C842002FD453 /* Release */,
			);
			defaultConfigurationIsVisible = 0;
		};
		3FF8865B19C2C842002FD453 /* Build configuration list for PBXNativeTarget "TipCalculatorTests" */ = {
			isa = XCConfigurationList;
			buildConfigurations = (
				3FF8865C19C2C842002FD453 /* Debug */,
				3FF8865D19C2C842002FD453 /* Release */,
			);
			defaultConfigurationIsVisible = 0;
		};
/* End XCConfigurationList section */
	};
	rootObject = 3FF8863419C2C842002FD453 /* Project object */;
}
